
Microsoft Visual Studio Solution File, Format Version 12.00
Project("{FAE04EC0-301F-11D3-BF4B-00C04F79EFBC}") = "CommentSite", "CommentSite\CommentSite.csproj", "{606A5355-0AA5-47E6-B0EB-E1FE695C459D}"
EndProject
Global
	GlobalSection(SolutionConfigurationPlatforms) = preSolution
		Debug|Any CPU = Debug|Any CPU
		Release|Any CPU = Release|Any CPU
	EndGlobalSection
	GlobalSection(ProjectConfigurationPlatforms) = postSolution
		{606A5355-0AA5-47E6-B0EB-E1FE695C459D}.Debug|Any CPU.ActiveCfg = Debug|Any CPU
		{606A5355-0AA5-47E6-B0EB-E1FE695C459D}.Debug|Any CPU.Build.0 = Debug|Any CPU
		{606A5355-0AA5-47E6-B0EB-E1FE695C459D}.Release|Any CPU.ActiveCfg = Release|Any CPU
		{606A5355-0AA5-47E6-B0EB-E1FE695C459D}.Release|Any CPU.Build.0 = Release|Any CPU
	EndGlobalSection
EndGlobal
